
Microsoft Visual Studio Solution File, Format Version 12.00
# Visual Studio Version 17
VisualStudioVersion = 17.6.33815.320
MinimumVisualStudioVersion = 10.0.40219.1
Project("{9A19103F-16F7-4668-BE54-9A1E7A4F7556}") = "FoodOffer.WebAPI", "FoodOffer.WebAPI\FoodOffer.WebAPI.csproj", "{71D00428-D5A0-4129-9996-1F298EB1BE0D}"
EndProject
Project("{9A19103F-16F7-4668-BE54-9A1E7A4F7556}") = "FoodOffer.Model", "FoodOffer.Model\FoodOffer.Model.csproj", "{AA26F976-B9BC-4B2E-91D2-E1A8EDD2637F}"
EndProject
Project("{9A19103F-16F7-4668-BE54-9A1E7A4F7556}") = "FoodOffer.AppServices", "FoodOffer.AppServices\FoodOffer.AppServices.csproj", "{74CDEBEC-EB5E-483E-94D6-9DF127F5F245}"
EndProject
Project("{9A19103F-16F7-4668-BE54-9A1E7A4F7556}") = "FoodOffer.Repository", "FoodOffer.Repository\FoodOffer.Repository.csproj", "{DA293B30-255F-452C-A804-25F7200D3B91}"
EndProject
Project("{FAE04EC0-301F-11D3-BF4B-00C04F79EFBC}") = "FoodOffer.Infrastructure", "FoodOffer.Infrastructure\FoodOffer.Infrastructure.csproj", "{5145D8BD-DB2B-4561-888B-35440FF5554A}"
EndProject
Global
	GlobalSection(SolutionConfigurationPlatforms) = preSolution
		Debug|Any CPU = Debug|Any CPU
		Release|Any CPU = Release|Any CPU
	EndGlobalSection
	GlobalSection(ProjectConfigurationPlatforms) = postSolution
		{71D00428-D5A0-4129-9996-1F298EB1BE0D}.Debug|Any CPU.ActiveCfg = Debug|Any CPU
		{71D00428-D5A0-4129-9996-1F298EB1BE0D}.Debug|Any CPU.Build.0 = Debug|Any CPU
		{71D00428-D5A0-4129-9996-1F298EB1BE0D}.Release|Any CPU.ActiveCfg = Release|Any CPU
		{71D00428-D5A0-4129-9996-1F298EB1BE0D}.Release|Any CPU.Build.0 = Release|Any CPU
		{AA26F976-B9BC-4B2E-91D2-E1A8EDD2637F}.Debug|Any CPU.ActiveCfg = Debug|Any CPU
		{AA26F976-B9BC-4B2E-91D2-E1A8EDD2637F}.Debug|Any CPU.Build.0 = Debug|Any CPU
		{AA26F976-B9BC-4B2E-91D2-E1A8EDD2637F}.Release|Any CPU.ActiveCfg = Release|Any CPU
		{AA26F976-B9BC-4B2E-91D2-E1A8EDD2637F}.Release|Any CPU.Build.0 = Release|Any CPU
		{74CDEBEC-EB5E-483E-94D6-9DF127F5F245}.Debug|Any CPU.ActiveCfg = Debug|Any CPU
		{74CDEBEC-EB5E-483E-94D6-9DF127F5F245}.Debug|Any CPU.Build.0 = Debug|Any CPU
		{74CDEBEC-EB5E-483E-94D6-9DF127F5F245}.Release|Any CPU.ActiveCfg = Release|Any CPU
		{74CDEBEC-EB5E-483E-94D6-9DF127F5F245}.Release|Any CPU.Build.0 = Release|Any CPU
		{DA293B30-255F-452C-A804-25F7200D3B91}.Debug|Any CPU.ActiveCfg = Debug|Any CPU
		{DA293B30-255F-452C-A804-25F7200D3B91}.Debug|Any CPU.Build.0 = Debug|Any CPU
		{DA293B30-255F-452C-A804-25F7200D3B91}.Release|Any CPU.ActiveCfg = Release|Any CPU
		{DA293B30-255F-452C-A804-25F7200D3B91}.Release|Any CPU.Build.0 = Release|Any CPU
		{5145D8BD-DB2B-4561-888B-35440FF5554A}.Debug|Any CPU.ActiveCfg = Debug|Any CPU
		{5145D8BD-DB2B-4561-888B-35440FF5554A}.Debug|Any CPU.Build.0 = Debug|Any CPU
		{5145D8BD-DB2B-4561-888B-35440FF5554A}.Release|Any CPU.ActiveCfg = Release|Any CPU
		{5145D8BD-DB2B-4561-888B-35440FF5554A}.Release|Any CPU.Build.0 = Release|Any CPU
	EndGlobalSection
	GlobalSection(SolutionProperties) = preSolution
		HideSolutionNode = FALSE
	EndGlobalSection
	GlobalSection(ExtensibilityGlobals) = postSolution
		SolutionGuid = {CD0F567B-2CDB-43CB-B7FB-3DD1CD480012}
	EndGlobalSection
EndGlobal
